
Microsoft Visual Studio Solution File, Format Version 12.00
# Visual Studio Version 17
VisualStudioVersion = 17.6.33801.468
MinimumVisualStudioVersion = 10.0.40219.1
Project("{FAE04EC0-301F-11D3-BF4B-00C04F79EFBC}") = "WinFormsApp1", "WinFormsApp1\WinFormsApp1.csproj", "{EA39FFCD-6B26-42F6-B649-B2A49BD946C4}"
EndProject
Global
	GlobalSection(SolutionConfigurationPlatforms) = preSolution
		Debug|Any CPU = Debug|Any CPU
		Release|Any CPU = Release|Any CPU
	EndGlobalSection
	GlobalSection(ProjectConfigurationPlatforms) = postSolution
		{EA39FFCD-6B26-42F6-B649-B2A49BD946C4}.Debug|Any CPU.ActiveCfg = Debug|Any CPU
		{EA39FFCD-6B26-42F6-B649-B2A49BD946C4}.Debug|Any CPU.Build.0 = Debug|Any CPU
		{EA39FFCD-6B26-42F6-B649-B2A49BD946C4}.Release|Any CPU.ActiveCfg = Release|Any CPU
		{EA39FFCD-6B26-42F6-B649-B2A49BD946C4}.Release|Any CPU.Build.0 = Release|Any CPU
	EndGlobalSection
	GlobalSection(SolutionProperties) = preSolution
		HideSolutionNode = FALSE
	EndGlobalSection
	GlobalSection(ExtensibilityGlobals) = postSolution
		SolutionGuid = {E061B2E7-EBE1-417F-8741-28C43B9469C8}
	EndGlobalSection
EndGlobal
